
Microsoft Visual Studio Solution File, Format Version 12.00
# Visual Studio 15
VisualStudioVersion = 15.0.28010.2036
MinimumVisualStudioVersion = 10.0.40219.1
Project("{FAE04EC0-301F-11D3-BF4B-00C04F79EFBC}") = "InterfaceObserverPattern", "InterfaceObserverPattern\InterfaceObserverPattern.csproj", "{7EF5F28D-5D82-4635-837E-44030126FA5B}"
EndProject
Global
	GlobalSection(SolutionConfigurationPlatforms) = preSolution
		Debug|Any CPU = Debug|Any CPU
		Release|Any CPU = Release|Any CPU
	EndGlobalSection
	GlobalSection(ProjectConfigurationPlatforms) = postSolution
		{7EF5F28D-5D82-4635-837E-44030126FA5B}.Debug|Any CPU.ActiveCfg = Debug|Any CPU
		{7EF5F28D-5D82-4635-837E-44030126FA5B}.Debug|Any CPU.Build.0 = Debug|Any CPU
		{7EF5F28D-5D82-4635-837E-44030126FA5B}.Release|Any CPU.ActiveCfg = Release|Any CPU
		{7EF5F28D-5D82-4635-837E-44030126FA5B}.Release|Any CPU.Build.0 = Release|Any CPU
	EndGlobalSection
	GlobalSection(SolutionProperties) = preSolution
		HideSolutionNode = FALSE
	EndGlobalSection
	GlobalSection(ExtensibilityGlobals) = postSolution
		SolutionGuid = {8EA39296-1E6F-40E6-B288-A62773780D3D}
	EndGlobalSection
EndGlobal
